
Microsoft Visual Studio Solution File, Format Version 12.00
# Visual Studio Version 16
VisualStudioVersion = 16.0.32106.194
MinimumVisualStudioVersion = 10.0.40219.1
Project("{9A19103F-16F7-4668-BE54-9A1E7A4F7556}") = "Shuttle.TenPinBowling", "Shuttle.TenPinBowling\Shuttle.TenPinBowling.csproj", "{67967516-F05F-4E3C-BD0C-6A7EDABBE603}"
EndProject
Project("{9A19103F-16F7-4668-BE54-9A1E7A4F7556}") = "Shuttle.TenPinBowling.Tests", "Shuttle.TenPinBowling.Tests\Shuttle.TenPinBowling.Tests.csproj", "{0091A3F3-DEDA-4AF0-AD7C-444200FCFBD1}"
EndProject
Project("{2150E333-8FDC-42A3-9474-1A3956D46DE8}") = ".scripts", ".scripts", "{53B503A1-B3DE-4F8A-BF45-967032FF05C4}"
	ProjectSection(SolutionItems) = preProject
		.script\ten-pin-bowling.sql = .script\ten-pin-bowling.sql
	EndProjectSection
EndProject
Project("{FAE04EC0-301F-11D3-BF4B-00C04F79EFBC}") = "Shuttle.TenPinBowling.Shell", "Shuttle.TenPinBowling.Shell\Shuttle.TenPinBowling.Shell.csproj", "{8A93C312-9A8C-4FD0-BABC-7CBD57F9D772}"
EndProject
Global
	GlobalSection(SolutionConfigurationPlatforms) = preSolution
		Debug|Any CPU = Debug|Any CPU
		Release|Any CPU = Release|Any CPU
	EndGlobalSection
	GlobalSection(ProjectConfigurationPlatforms) = postSolution
		{67967516-F05F-4E3C-BD0C-6A7EDABBE603}.Debug|Any CPU.ActiveCfg = Debug|Any CPU
		{67967516-F05F-4E3C-BD0C-6A7EDABBE603}.Debug|Any CPU.Build.0 = Debug|Any CPU
		{67967516-F05F-4E3C-BD0C-6A7EDABBE603}.Release|Any CPU.ActiveCfg = Release|Any CPU
		{67967516-F05F-4E3C-BD0C-6A7EDABBE603}.Release|Any CPU.Build.0 = Release|Any CPU
		{0091A3F3-DEDA-4AF0-AD7C-444200FCFBD1}.Debug|Any CPU.ActiveCfg = Debug|Any CPU
		{0091A3F3-DEDA-4AF0-AD7C-444200FCFBD1}.Debug|Any CPU.Build.0 = Debug|Any CPU
		{0091A3F3-DEDA-4AF0-AD7C-444200FCFBD1}.Release|Any CPU.ActiveCfg = Release|Any CPU
		{0091A3F3-DEDA-4AF0-AD7C-444200FCFBD1}.Release|Any CPU.Build.0 = Release|Any CPU
		{8A93C312-9A8C-4FD0-BABC-7CBD57F9D772}.Debug|Any CPU.ActiveCfg = Debug|Any CPU
		{8A93C312-9A8C-4FD0-BABC-7CBD57F9D772}.Debug|Any CPU.Build.0 = Debug|Any CPU
		{8A93C312-9A8C-4FD0-BABC-7CBD57F9D772}.Release|Any CPU.ActiveCfg = Release|Any CPU
		{8A93C312-9A8C-4FD0-BABC-7CBD57F9D772}.Release|Any CPU.Build.0 = Release|Any CPU
	EndGlobalSection
	GlobalSection(SolutionProperties) = preSolution
		HideSolutionNode = FALSE
	EndGlobalSection
	GlobalSection(ExtensibilityGlobals) = postSolution
		SolutionGuid = {A4472209-2FD5-4E8B-AEB9-6B78FCA16A01}
	EndGlobalSection
EndGlobal
